# generated by rye
# use `rye lock` or `rye sync` to update this lockfile
#
# last locked with the following flags:
#   pre: false
#   features: []
#   all-features: false
#   with-sources: false
#   generate-hashes: false
#   universal: false

-e file:.
altgraph==0.17.4
    # via pyinstaller
numpy==2.3.2
    # via pic-convert
packaging==25.0
    # via pyinstaller
    # via pyinstaller-hooks-contrib
pefile==2023.2.7
    # via pyinstaller
pillow==11.3.0
    # via pic-convert
pyinstaller==6.14.2
    # via pic-convert
pyinstaller-hooks-contrib==2025.7
    # via pyinstaller
pywin32-ctypes==0.2.3
    # via pyinstaller
setuptools==80.9.0
    # via pyinstaller
    # via pyinstaller-hooks-contrib
